# This file is autogenerated, do not edit; changes may be undone by the next 'dep ensure'.


[[projects]]
  name = "github.com/mandykoh/symlock"
  packages = ["."]
  revision = "0362cd091b6b627bf9552d87ba15956d5e8bde32"

[solve-meta]
  analyzer-name = "dep"
  analyzer-version = 1
  inputs-digest = "0c31840b15d0dae51dbd8f184268f1242623a7c47e46ee1babe565a31362f6ba"
  solver-name = "gps-cdcl"
  solver-version = 1
